
Microsoft Visual Studio Solution File, Format Version 12.00
# Visual Studio 14
VisualStudioVersion = 14.0.25123.0
MinimumVisualStudioVersion = 10.0.40219.1
Project("{FAE04EC0-301F-11D3-BF4B-00C04F79EFBC}") = "mvctest", "mvctest\mvctest.csproj", "{80C973E0-7AC6-4DE3-B4BD-70BF1C676A1B}"
EndProject
Project("{FAE04EC0-301F-11D3-BF4B-00C04F79EFBC}") = "Qiuqiu.Service", "Qiuqiu.Service\Qiuqiu.Service.csproj", "{B6CFE571-3FFF-4EB8-B48E-5D47C8C5882E}"
EndProject
Project("{FAE04EC0-301F-11D3-BF4B-00C04F79EFBC}") = "Qiuqiu.Test.Impl", "Qiuqiu.Test.Impl\Qiuqiu.Test.Impl.csproj", "{AC229CCF-12CF-44AA-A322-9F93E7C459C2}"
EndProject
Global
	GlobalSection(SolutionConfigurationPlatforms) = preSolution
		Debug|Any CPU = Debug|Any CPU
		Release|Any CPU = Release|Any CPU
	EndGlobalSection
	GlobalSection(ProjectConfigurationPlatforms) = postSolution
		{80C973E0-7AC6-4DE3-B4BD-70BF1C676A1B}.Debug|Any CPU.ActiveCfg = Debug|Any CPU
		{80C973E0-7AC6-4DE3-B4BD-70BF1C676A1B}.Debug|Any CPU.Build.0 = Debug|Any CPU
		{80C973E0-7AC6-4DE3-B4BD-70BF1C676A1B}.Release|Any CPU.ActiveCfg = Release|Any CPU
		{80C973E0-7AC6-4DE3-B4BD-70BF1C676A1B}.Release|Any CPU.Build.0 = Release|Any CPU
		{B6CFE571-3FFF-4EB8-B48E-5D47C8C5882E}.Debug|Any CPU.ActiveCfg = Debug|Any CPU
		{B6CFE571-3FFF-4EB8-B48E-5D47C8C5882E}.Debug|Any CPU.Build.0 = Debug|Any CPU
		{B6CFE571-3FFF-4EB8-B48E-5D47C8C5882E}.Release|Any CPU.ActiveCfg = Release|Any CPU
		{B6CFE571-3FFF-4EB8-B48E-5D47C8C5882E}.Release|Any CPU.Build.0 = Release|Any CPU
		{AC229CCF-12CF-44AA-A322-9F93E7C459C2}.Debug|Any CPU.ActiveCfg = Debug|Any CPU
		{AC229CCF-12CF-44AA-A322-9F93E7C459C2}.Debug|Any CPU.Build.0 = Debug|Any CPU
		{AC229CCF-12CF-44AA-A322-9F93E7C459C2}.Release|Any CPU.ActiveCfg = Release|Any CPU
		{AC229CCF-12CF-44AA-A322-9F93E7C459C2}.Release|Any CPU.Build.0 = Release|Any CPU
	EndGlobalSection
	GlobalSection(SolutionProperties) = preSolution
		HideSolutionNode = FALSE
	EndGlobalSection
EndGlobal
